
Microsoft Visual Studio Solution File, Format Version 12.00
# Visual Studio Version 17
VisualStudioVersion = 17.8.34309.116
MinimumVisualStudioVersion = 10.0.40219.1
Project("{FAE04EC0-301F-11D3-BF4B-00C04F79EFBC}") = "Adress_Book", "Adress_Book.csproj", "{07FE6720-D2B4-46AB-9E5F-B3E7E2EDC224}"
EndProject
Global
	GlobalSection(SolutionConfigurationPlatforms) = preSolution
		Debug|Any CPU = Debug|Any CPU
		Release|Any CPU = Release|Any CPU
	EndGlobalSection
	GlobalSection(ProjectConfigurationPlatforms) = postSolution
		{07FE6720-D2B4-46AB-9E5F-B3E7E2EDC224}.Debug|Any CPU.ActiveCfg = Debug|Any CPU
		{07FE6720-D2B4-46AB-9E5F-B3E7E2EDC224}.Debug|Any CPU.Build.0 = Debug|Any CPU
		{07FE6720-D2B4-46AB-9E5F-B3E7E2EDC224}.Release|Any CPU.ActiveCfg = Release|Any CPU
		{07FE6720-D2B4-46AB-9E5F-B3E7E2EDC224}.Release|Any CPU.Build.0 = Release|Any CPU
	EndGlobalSection
	GlobalSection(SolutionProperties) = preSolution
		HideSolutionNode = FALSE
	EndGlobalSection
	GlobalSection(ExtensibilityGlobals) = postSolution
		SolutionGuid = {0867C70D-F3CE-4A96-849E-15B102BB08FB}
	EndGlobalSection
EndGlobal
